
Microsoft Visual Studio Solution File, Format Version 12.00
# Visual Studio Version 17
VisualStudioVersion = 17.1.32210.238
MinimumVisualStudioVersion = 10.0.40219.1
Project("{FAE04EC0-301F-11D3-BF4B-00C04F79EFBC}") = "First_Lesson", "First_Lesson\First_Lesson.csproj", "{9AC8B06C-B928-4A63-A85B-C36F96C74FAF}"
EndProject
Global
	GlobalSection(SolutionConfigurationPlatforms) = preSolution
		Debug|Any CPU = Debug|Any CPU
		Release|Any CPU = Release|Any CPU
	EndGlobalSection
	GlobalSection(ProjectConfigurationPlatforms) = postSolution
		{9AC8B06C-B928-4A63-A85B-C36F96C74FAF}.Debug|Any CPU.ActiveCfg = Debug|Any CPU
		{9AC8B06C-B928-4A63-A85B-C36F96C74FAF}.Debug|Any CPU.Build.0 = Debug|Any CPU
		{9AC8B06C-B928-4A63-A85B-C36F96C74FAF}.Release|Any CPU.ActiveCfg = Release|Any CPU
		{9AC8B06C-B928-4A63-A85B-C36F96C74FAF}.Release|Any CPU.Build.0 = Release|Any CPU
	EndGlobalSection
	GlobalSection(SolutionProperties) = preSolution
		HideSolutionNode = FALSE
	EndGlobalSection
	GlobalSection(ExtensibilityGlobals) = postSolution
		SolutionGuid = {BAF68D12-8C6E-40A2-802C-9124175217E6}
	EndGlobalSection
EndGlobal
